<Solution>
  <Configurations>
    <Platform Name="Any CPU" />
  </Configurations>
  <Folder Name="/.github/">
    <File Path=".github/dependabot.yml" />
    <File Path=".github/labels.yml" />
    <File Path=".github/labeler.yml" />
  </Folder>
  <Folder Name="/.github/workflows/">
    <File Path=".github/workflows/build-deploy-docs.yml" />
    <File Path=".github/workflows/conventional-commits.yml" />
    <File Path=".github/workflows/labeler.yml" />
    <File Path=".github/workflows/sync-labels.yml" />
  </Folder>
  <Folder Name="/Solution Items/">
    <File Path=".editorconfig" />
    <File Path="README.md" />
    <File Path=".gitignore" />
    <File Path="src/Directory.Build.props" />
    <File Path="src/Directory.Build.targets" />
    <File Path="src/Directory.Packages.props" />
    <File Path="global.json" />
    <File Path="cspell.json" />
  </Folder>
  <Folder Name="/Extensions/">
    <Project Path="src/DevTKSS.Extensions.Uno.Storage/DevTKSS.Extensions.Uno.Storage.csproj" />
  </Folder>
  <Folder Name="/Tutorials/">
    <Project Path="src/DevTKSS.Uno.Samples.MvuxGallery/DevTKSS.Uno.Samples.MvuxGallery.csproj" />
    <Project Path="src/DevTKSS.Uno.XamlNavigationApp/DevTKSS.Uno.XamlNavigationApp.csproj" />
    <Project Path="src/DevTKSS.Uno.SimpleMemberSelectionApp/DevTKSS.Uno.SimpleMemberSelectionApp.csproj" />
  </Folder>
</Solution>
